{
  "nodes": {
    "certs": {
      "inputs": {
        "nixpkgs": [
          "nixpkgs"
        ]
      },
      "locked": {
        "lastModified": 1736214550,
        "narHash": "sha256-0w4MqtH4Zto5N8xw38xBiF1KgU229ACRaFHniHIBRJ4=",
        "ref": "refs/heads/main",
        "rev": "df1cdeec9165d3078878b8a0142c659c50e02340",
        "revCount": 15,
        "type": "git",
        "url": "ssh://git@github.com/edgwitr/certs"
      },
      "original": {
        "type": "git",
        "url": "ssh://git@github.com/edgwitr/certs"
      }
    },
    "flake-compat": {
      "flake": false,
      "locked": {
        "lastModified": 1733328505,
        "narHash": "sha256-NeCCThCEP3eCl2l/+27kNNK7QrwZB1IJCrXfrbv5oqU=",
        "owner": "edolstra",
        "repo": "flake-compat",
        "rev": "ff81ac966bb2cae68946d5ed5fc4994f96d0ffec",
        "type": "github"
      },
      "original": {
        "owner": "edolstra",
        "repo": "flake-compat",
        "type": "github"
      }
    },
    "home-manager": {
      "inputs": {
        "nixpkgs": [
          "nixpkgs"
        ]
      },
      "locked": {
        "lastModified": 1748811839,
        "narHash": "sha256-MDl6vpEK18ZfPHfoeOa9dGRdwVWNfmCCGazt72nHw+U=",
        "owner": "nix-community",
        "repo": "home-manager",
        "rev": "6abf27943bbb09a0f9d443df45ec70b07a6cbe20",
        "type": "github"
      },
      "original": {
        "owner": "nix-community",
        "repo": "home-manager",
        "type": "github"
      }
    },
    "nix-darwin": {
      "inputs": {
        "nixpkgs": [
          "nixpkgs"
        ]
      },
      "locked": {
        "lastModified": 1748352827,
        "narHash": "sha256-sNUUP6qxGkK9hXgJ+p362dtWLgnIWwOCmiq72LAWtYo=",
        "owner": "LnL7",
        "repo": "nix-darwin",
        "rev": "44a7d0e687a87b73facfe94fba78d323a6686a90",
        "type": "github"
      },
      "original": {
        "owner": "LnL7",
        "repo": "nix-darwin",
        "type": "github"
      }
    },
    "nixos": {
      "locked": {
        "lastModified": 1748693115,
        "narHash": "sha256-StSrWhklmDuXT93yc3GrTlb0cKSS0agTAxMGjLKAsY8=",
        "owner": "NixOS",
        "repo": "nixpkgs",
        "rev": "910796cabe436259a29a72e8d3f5e180fc6dfacc",
        "type": "github"
      },
      "original": {
        "owner": "NixOS",
        "ref": "nixos-unstable",
        "repo": "nixpkgs",
        "type": "github"
      }
    },
    "nixos-wsl": {
      "inputs": {
        "flake-compat": "flake-compat",
        "nixpkgs": [
          "nixpkgs"
        ]
      },
      "locked": {
        "lastModified": 1746453552,
        "narHash": "sha256-r66UGha+7KVHkI7ksrcMjnw/mm9Sg4l5bQlylxHwdGU=",
        "owner": "nix-community",
        "repo": "NixOS-WSL",
        "rev": "be618645aa0adf461f778500172b6896d5ab2d01",
        "type": "github"
      },
      "original": {
        "owner": "nix-community",
        "repo": "NixOS-WSL",
        "type": "github"
      }
    },
    "nixpkgs": {
      "locked": {
        "lastModified": 1748792178,
        "narHash": "sha256-BHmgfHlCJVNisJShVaEmfDIr/Ip58i/4oFGlD1iK6lk=",
        "owner": "NixOS",
        "repo": "nixpkgs",
        "rev": "5929de975bcf4c7c8d8b5ca65c8cd9ef9e44523e",
        "type": "github"
      },
      "original": {
        "owner": "NixOS",
        "ref": "nixpkgs-unstable",
        "repo": "nixpkgs",
        "type": "github"
      }
    },
    "root": {
      "inputs": {
        "certs": "certs",
        "home-manager": "home-manager",
        "nix-darwin": "nix-darwin",
        "nixos": "nixos",
        "nixos-wsl": "nixos-wsl",
        "nixpkgs": "nixpkgs"
      }
    }
  },
  "root": "root",
  "version": 7
}
